<?xml version="1.0" encoding="utf-8"?>
<Project ToolsVersion="4.0" xmlns="http://schemas.microsoft.com/developer/msbuild/2003">
  <ItemGroup>
    <Filter Include="Source Files">
      <UniqueIdentifier>{4FC737F1-C7A5-4376-A066-2A32D752A2FF}</UniqueIdentifier>
      <Extensions>cpp;c;cc;cxx;def;odl;idl;hpj;bat;asm;asmx</Extensions>
    </Filter>
    <Filter Include="Header Files">
      <UniqueIdentifier>{93995380-89BD-4b04-88EB-625FBE52EBFB}</UniqueIdentifier>
      <Extensions>h;hh;hpp;hxx;hm;inl;inc;xsd</Extensions>
    </Filter>
    <Filter Include="Resource Files">
      <UniqueIdentifier>{67DA6AB6-F800-4c08-8B7A-83BB121AAD01}</UniqueIdentifier>
      <Extensions>rc;ico;cur;bmp;dlg;rc2;rct;bin;rgs;gif;jpg;jpeg;jpe;resx;tiff;tif;png;wav;mfcribbon-ms</Extensions>
    </Filter>
    <Filter Include="Header Files\ast">
      <UniqueIdentifier>{75fb59c4-e484-4995-bff4-7f8bf6ea418b}</UniqueIdentifier>
    </Filter>
    <Filter Include="Source Files\ast">
      <UniqueIdentifier>{1a5bc518-399d-4ed1-a293-13b8ed40f3ca}</UniqueIdentifier>
    </Filter>
    <Filter Include="Header Files\core">
      <UniqueIdentifier>{65628b2b-6630-4703-85d6-08a3f31917fb}</UniqueIdentifier>
    </Filter>
    <Filter Include="Source Files\core">
      <UniqueIdentifier>{6e493884-eef1-497a-8c47-d712054a3d1a}</UniqueIdentifier>
    </Filter>
    <Filter Include="Source Files\parser">
      <UniqueIdentifier>{384640a5-24cc-451c-a6aa-a06e4db69c57}</UniqueIdentifier>
    </Filter>
    <Filter Include="Header Files\parser">
      <UniqueIdentifier>{4884d152-2cfe-4d68-86b8-0a2e3ee5a859}</UniqueIdentifier>
    </Filter>
    <Filter Include="Header Files\util">
      <UniqueIdentifier>{ad5b282b-10b0-497a-9c53-8b334fb7ba99}</UniqueIdentifier>
    </Filter>
    <Filter Include="Source Files\util">
      <UniqueIdentifier>{167ffee4-1a52-48aa-abdd-2aaa798f4e26}</UniqueIdentifier>
    </Filter>
    <Filter Include="Header Files\server">
      <UniqueIdentifier>{d1a0302d-efc6-4853-9fa2-7bfba3bf6925}</UniqueIdentifier>
    </Filter>
    <Filter Include="Source Files\server">
      <UniqueIdentifier>{9a313e89-c8bf-46f1-a009-cebcc5e6ffbf}</UniqueIdentifier>
    </Filter>
  </ItemGroup>
  <ItemGroup>
    <ClCompile Include="main.cpp">
      <Filter>Source Files</Filter>
    </ClCompile>
    <ClCompile Include="error.cpp">
      <Filter>Source Files\core</Filter>
    </ClCompile>
    <ClCompile Include="setting.cpp">
      <Filter>Source Files\core</Filter>
    </ClCompile>
    <ClCompile Include="tokenizer.cpp">
      <Filter>Source Files\parser</Filter>
    </ClCompile>
    <ClCompile Include="source.cpp">
      <Filter>Source Files\parser</Filter>
    </ClCompile>
    <ClCompile Include="parser.cpp">
      <Filter>Source Files\parser</Filter>
    </ClCompile>
    <ClCompile Include="ast_printer.cpp">
      <Filter>Source Files\util</Filter>
    </ClCompile>
    <ClCompile Include="stmt.cpp">
      <Filter>Source Files\ast</Filter>
    </ClCompile>
    <ClCompile Include="nodes.cpp">
      <Filter>Source Files\ast</Filter>
    </ClCompile>
    <ClCompile Include="links.cpp">
      <Filter>Source Files\parser</Filter>
    </ClCompile>
    <ClCompile Include="runtime.cpp">
      <Filter>Source Files\server</Filter>
    </ClCompile>
    <ClCompile Include="server_compiler.cpp">
      <Filter>Source Files\server</Filter>
    </ClCompile>
    <ClCompile Include="opcodes_printer.cpp">
      <Filter>Source Files\util</Filter>
    </ClCompile>
  </ItemGroup>
  <ItemGroup>
    <ClInclude Include="error.h">
      <Filter>Header Files\core</Filter>
    </ClInclude>
    <ClInclude Include="project.h">
      <Filter>Header Files\core</Filter>
    </ClInclude>
    <ClInclude Include="setting.h">
      <Filter>Header Files\core</Filter>
    </ClInclude>
    <ClInclude Include="tokenizer.h">
      <Filter>Header Files\parser</Filter>
    </ClInclude>
    <ClInclude Include="source.h">
      <Filter>Header Files\parser</Filter>
    </ClInclude>
    <ClInclude Include="parser.h">
      <Filter>Header Files\parser</Filter>
    </ClInclude>
    <ClInclude Include="ast_printer.h">
      <Filter>Header Files\util</Filter>
    </ClInclude>
    <ClInclude Include="stmt.h">
      <Filter>Header Files\ast</Filter>
    </ClInclude>
    <ClInclude Include="nodes.h">
      <Filter>Header Files\ast</Filter>
    </ClInclude>
    <ClInclude Include="links.h">
      <Filter>Header Files\parser</Filter>
    </ClInclude>
    <ClInclude Include="runtime.h">
      <Filter>Header Files\server</Filter>
    </ClInclude>
    <ClInclude Include="opcodes.h">
      <Filter>Header Files\server</Filter>
    </ClInclude>
    <ClInclude Include="opcode_printer.h">
      <Filter>Header Files\util</Filter>
    </ClInclude>
    <ClInclude Include="types.h">
      <Filter>Header Files\core</Filter>
    </ClInclude>
    <ClInclude Include="handles.h">
      <Filter>Header Files\util</Filter>
    </ClInclude>
    <ClInclude Include="server_compiler.h">
      <Filter>Header Files\server</Filter>
    </ClInclude>
    <ClInclude Include="builtins.h">
      <Filter>Header Files\core</Filter>
    </ClInclude>
  </ItemGroup>
</Project>